
Microsoft Visual Studio Solution File, Format Version 12.00
# Visual Studio Version 17
VisualStudioVersion = 17.8.34330.188
MinimumVisualStudioVersion = 10.0.40219.1
Project("{FAE04EC0-301F-11D3-BF4B-00C04F79EFBC}") = "Lab.11.Pavliy", "Lab.11.Pavliy\Lab.11.Pavliy.csproj", "{00C90936-85C6-4624-8F7D-B6C97D495C5D}"
EndProject
Global
	GlobalSection(SolutionConfigurationPlatforms) = preSolution
		Debug|Any CPU = Debug|Any CPU
		Release|Any CPU = Release|Any CPU
	EndGlobalSection
	GlobalSection(ProjectConfigurationPlatforms) = postSolution
		{00C90936-85C6-4624-8F7D-B6C97D495C5D}.Debug|Any CPU.ActiveCfg = Debug|Any CPU
		{00C90936-85C6-4624-8F7D-B6C97D495C5D}.Debug|Any CPU.Build.0 = Debug|Any CPU
		{00C90936-85C6-4624-8F7D-B6C97D495C5D}.Release|Any CPU.ActiveCfg = Release|Any CPU
		{00C90936-85C6-4624-8F7D-B6C97D495C5D}.Release|Any CPU.Build.0 = Release|Any CPU
	EndGlobalSection
	GlobalSection(SolutionProperties) = preSolution
		HideSolutionNode = FALSE
	EndGlobalSection
	GlobalSection(ExtensibilityGlobals) = postSolution
		SolutionGuid = {2B644398-8FDA-401D-BFD7-F830C646AE56}
	EndGlobalSection
EndGlobal
